
Microsoft Visual Studio Solution File, Format Version 12.00
# Visual Studio 15
Project("{FAE04EC0-301F-11D3-BF4B-00C04F79EFBC}") = "Line for co", "Line for co.csproj", "{FDDE8457-F38F-54F3-43CD-D991C561CFC9}"
EndProject
Project("{FAE04EC0-301F-11D3-BF4B-00C04F79EFBC}") = "Line for co.Plugins", "Line for co.Plugins.csproj", "{15BE7D61-A879-C0FA-DBB2-231C1D6276CD}"
EndProject
Project("{FAE04EC0-301F-11D3-BF4B-00C04F79EFBC}") = "Line for co.Editor", "Line for co.Editor.csproj", "{763908E3-F5C1-593F-B70F-30C1EA36B772}"
EndProject
Global
	GlobalSection(SolutionConfigurationPlatforms) = preSolution
		Debug|Any CPU = Debug|Any CPU
		Release|Any CPU = Release|Any CPU
	EndGlobalSection
	GlobalSection(ProjectConfigurationPlatforms) = postSolution
		{FDDE8457-F38F-54F3-43CD-D991C561CFC9}.Debug|Any CPU.ActiveCfg = Debug|Any CPU
		{FDDE8457-F38F-54F3-43CD-D991C561CFC9}.Debug|Any CPU.Build.0 = Debug|Any CPU
		{FDDE8457-F38F-54F3-43CD-D991C561CFC9}.Release|Any CPU.ActiveCfg = Release|Any CPU
		{FDDE8457-F38F-54F3-43CD-D991C561CFC9}.Release|Any CPU.Build.0 = Release|Any CPU
		{15BE7D61-A879-C0FA-DBB2-231C1D6276CD}.Debug|Any CPU.ActiveCfg = Debug|Any CPU
		{15BE7D61-A879-C0FA-DBB2-231C1D6276CD}.Debug|Any CPU.Build.0 = Debug|Any CPU
		{15BE7D61-A879-C0FA-DBB2-231C1D6276CD}.Release|Any CPU.ActiveCfg = Release|Any CPU
		{15BE7D61-A879-C0FA-DBB2-231C1D6276CD}.Release|Any CPU.Build.0 = Release|Any CPU
		{763908E3-F5C1-593F-B70F-30C1EA36B772}.Debug|Any CPU.ActiveCfg = Debug|Any CPU
		{763908E3-F5C1-593F-B70F-30C1EA36B772}.Debug|Any CPU.Build.0 = Debug|Any CPU
		{763908E3-F5C1-593F-B70F-30C1EA36B772}.Release|Any CPU.ActiveCfg = Release|Any CPU
		{763908E3-F5C1-593F-B70F-30C1EA36B772}.Release|Any CPU.Build.0 = Release|Any CPU
	EndGlobalSection
	GlobalSection(SolutionProperties) = preSolution
		HideSolutionNode = FALSE
	EndGlobalSection
EndGlobal
